
Microsoft Visual Studio Solution File, Format Version 12.00
# Visual Studio Version 17
VisualStudioVersion = 17.8.34309.116
MinimumVisualStudioVersion = 10.0.40219.1
Project("{9A19103F-16F7-4668-BE54-9A1E7A4F7556}") = "FlawlessChips", "FlawlessChips\FlawlessChips.csproj", "{2410AE00-DCE7-4C30-A9BD-2402D49CF62C}"
EndProject
Project("{FAE04EC0-301F-11D3-BF4B-00C04F79EFBC}") = "FlawlessChips.Tests", "FlawlessChips.Tests\FlawlessChips.Tests.csproj", "{2482AB60-5156-4E3D-B67A-A64D4682E474}"
EndProject
Global
	GlobalSection(SolutionConfigurationPlatforms) = preSolution
		Debug|Any CPU = Debug|Any CPU
		Release|Any CPU = Release|Any CPU
	EndGlobalSection
	GlobalSection(ProjectConfigurationPlatforms) = postSolution
		{2410AE00-DCE7-4C30-A9BD-2402D49CF62C}.Debug|Any CPU.ActiveCfg = Debug|Any CPU
		{2410AE00-DCE7-4C30-A9BD-2402D49CF62C}.Debug|Any CPU.Build.0 = Debug|Any CPU
		{2410AE00-DCE7-4C30-A9BD-2402D49CF62C}.Release|Any CPU.ActiveCfg = Release|Any CPU
		{2410AE00-DCE7-4C30-A9BD-2402D49CF62C}.Release|Any CPU.Build.0 = Release|Any CPU
		{2482AB60-5156-4E3D-B67A-A64D4682E474}.Debug|Any CPU.ActiveCfg = Debug|Any CPU
		{2482AB60-5156-4E3D-B67A-A64D4682E474}.Debug|Any CPU.Build.0 = Debug|Any CPU
		{2482AB60-5156-4E3D-B67A-A64D4682E474}.Release|Any CPU.ActiveCfg = Release|Any CPU
		{2482AB60-5156-4E3D-B67A-A64D4682E474}.Release|Any CPU.Build.0 = Release|Any CPU
	EndGlobalSection
	GlobalSection(SolutionProperties) = preSolution
		HideSolutionNode = FALSE
	EndGlobalSection
	GlobalSection(ExtensibilityGlobals) = postSolution
		SolutionGuid = {70184107-0701-41E7-88E0-DB44AFDEDC9C}
	EndGlobalSection
EndGlobal
